
Microsoft Visual Studio Solution File, Format Version 11.00
# Visual Studio 2010
Project("{FAE04EC0-301F-11D3-BF4B-00C04F79EFBC}") = "Asm.Net", "Asm.Net\Asm.Net.csproj", "{FF6B7ED9-EB5D-45F6-BB13-F44E49DAA634}"
EndProject
Project("{FAE04EC0-301F-11D3-BF4B-00C04F79EFBC}") = "executor", "executor\executor.csproj", "{8708213D-15BD-467D-80DD-17ABF8872CCD}"
EndProject
Global
	GlobalSection(SubversionScc) = preSolution
		Svn-Managed = True
		Manager = AnkhSVN - Subversion Support for Visual Studio
	EndGlobalSection
	GlobalSection(SolutionConfigurationPlatforms) = preSolution
		Debug|Any CPU = Debug|Any CPU
		Debug|Mixed Platforms = Debug|Mixed Platforms
		Debug|x86 = Debug|x86
		Release|Any CPU = Release|Any CPU
		Release|Mixed Platforms = Release|Mixed Platforms
		Release|x86 = Release|x86
	EndGlobalSection
	GlobalSection(ProjectConfigurationPlatforms) = postSolution
		{FF6B7ED9-EB5D-45F6-BB13-F44E49DAA634}.Debug|Any CPU.ActiveCfg = Debug|Any CPU
		{FF6B7ED9-EB5D-45F6-BB13-F44E49DAA634}.Debug|Any CPU.Build.0 = Debug|Any CPU
		{FF6B7ED9-EB5D-45F6-BB13-F44E49DAA634}.Debug|Mixed Platforms.ActiveCfg = Debug|Any CPU
		{FF6B7ED9-EB5D-45F6-BB13-F44E49DAA634}.Debug|Mixed Platforms.Build.0 = Debug|Any CPU
		{FF6B7ED9-EB5D-45F6-BB13-F44E49DAA634}.Debug|x86.ActiveCfg = Debug|Any CPU
		{FF6B7ED9-EB5D-45F6-BB13-F44E49DAA634}.Release|Any CPU.ActiveCfg = Release|Any CPU
		{FF6B7ED9-EB5D-45F6-BB13-F44E49DAA634}.Release|Any CPU.Build.0 = Release|Any CPU
		{FF6B7ED9-EB5D-45F6-BB13-F44E49DAA634}.Release|Mixed Platforms.ActiveCfg = Release|Any CPU
		{FF6B7ED9-EB5D-45F6-BB13-F44E49DAA634}.Release|Mixed Platforms.Build.0 = Release|Any CPU
		{FF6B7ED9-EB5D-45F6-BB13-F44E49DAA634}.Release|x86.ActiveCfg = Release|Any CPU
		{8708213D-15BD-467D-80DD-17ABF8872CCD}.Debug|Any CPU.ActiveCfg = Debug|x86
		{8708213D-15BD-467D-80DD-17ABF8872CCD}.Debug|Mixed Platforms.ActiveCfg = Debug|x86
		{8708213D-15BD-467D-80DD-17ABF8872CCD}.Debug|Mixed Platforms.Build.0 = Debug|x86
		{8708213D-15BD-467D-80DD-17ABF8872CCD}.Debug|x86.ActiveCfg = Debug|x86
		{8708213D-15BD-467D-80DD-17ABF8872CCD}.Debug|x86.Build.0 = Debug|x86
		{8708213D-15BD-467D-80DD-17ABF8872CCD}.Release|Any CPU.ActiveCfg = Release|x86
		{8708213D-15BD-467D-80DD-17ABF8872CCD}.Release|Mixed Platforms.ActiveCfg = Release|x86
		{8708213D-15BD-467D-80DD-17ABF8872CCD}.Release|Mixed Platforms.Build.0 = Release|x86
		{8708213D-15BD-467D-80DD-17ABF8872CCD}.Release|x86.ActiveCfg = Release|x86
		{8708213D-15BD-467D-80DD-17ABF8872CCD}.Release|x86.Build.0 = Release|x86
	EndGlobalSection
	GlobalSection(SolutionProperties) = preSolution
		HideSolutionNode = FALSE
	EndGlobalSection
EndGlobal
